
Microsoft Visual Studio Solution File, Format Version 12.00
# Visual Studio Version 17
VisualStudioVersion = 17.14.35906.104
MinimumVisualStudioVersion = 10.0.40219.1
Project("{FAE04EC0-301F-11D3-BF4B-00C04F79EFBC}") = "MovieApp", "MovieApp\MovieApp.csproj", "{F19C9D84-3C83-49D2-A721-5C90E921F288}"
EndProject
Project("{FAE04EC0-301F-11D3-BF4B-00C04F79EFBC}") = "LINQ", "LINQ\LINQ.csproj", "{653F79DA-1BE4-4C0F-A3BC-8054B77DED18}"
EndProject
Global
	GlobalSection(SolutionConfigurationPlatforms) = preSolution
		Debug|Any CPU = Debug|Any CPU
		Release|Any CPU = Release|Any CPU
	EndGlobalSection
	GlobalSection(ProjectConfigurationPlatforms) = postSolution
		{F19C9D84-3C83-49D2-A721-5C90E921F288}.Debug|Any CPU.ActiveCfg = Debug|Any CPU
		{F19C9D84-3C83-49D2-A721-5C90E921F288}.Debug|Any CPU.Build.0 = Debug|Any CPU
		{F19C9D84-3C83-49D2-A721-5C90E921F288}.Release|Any CPU.ActiveCfg = Release|Any CPU
		{F19C9D84-3C83-49D2-A721-5C90E921F288}.Release|Any CPU.Build.0 = Release|Any CPU
		{653F79DA-1BE4-4C0F-A3BC-8054B77DED18}.Debug|Any CPU.ActiveCfg = Debug|Any CPU
		{653F79DA-1BE4-4C0F-A3BC-8054B77DED18}.Debug|Any CPU.Build.0 = Debug|Any CPU
		{653F79DA-1BE4-4C0F-A3BC-8054B77DED18}.Release|Any CPU.ActiveCfg = Release|Any CPU
		{653F79DA-1BE4-4C0F-A3BC-8054B77DED18}.Release|Any CPU.Build.0 = Release|Any CPU
	EndGlobalSection
	GlobalSection(SolutionProperties) = preSolution
		HideSolutionNode = FALSE
	EndGlobalSection
	GlobalSection(ExtensibilityGlobals) = postSolution
		SolutionGuid = {E1E2EF79-1E29-488B-BDAD-0BB456CDD556}
	EndGlobalSection
EndGlobal
